
Microsoft Visual Studio Solution File, Format Version 12.00
# Visual Studio Version 17
VisualStudioVersion = 17.14.36616.10 d17.14
MinimumVisualStudioVersion = 10.0.40219.1
Project("{FAE04EC0-301F-11D3-BF4B-00C04F79EFBC}") = "WebAPIEcommerce", "WebAPIEcommerce\WebAPIEcommerce.csproj", "{64C1C03E-BC20-4A94-AA6A-1F657118324B}"
EndProject
Global
	GlobalSection(SolutionConfigurationPlatforms) = preSolution
		Debug|Any CPU = Debug|Any CPU
		Release|Any CPU = Release|Any CPU
	EndGlobalSection
	GlobalSection(ProjectConfigurationPlatforms) = postSolution
		{64C1C03E-BC20-4A94-AA6A-1F657118324B}.Debug|Any CPU.ActiveCfg = Debug|Any CPU
		{64C1C03E-BC20-4A94-AA6A-1F657118324B}.Debug|Any CPU.Build.0 = Debug|Any CPU
		{64C1C03E-BC20-4A94-AA6A-1F657118324B}.Release|Any CPU.ActiveCfg = Release|Any CPU
		{64C1C03E-BC20-4A94-AA6A-1F657118324B}.Release|Any CPU.Build.0 = Release|Any CPU
	EndGlobalSection
	GlobalSection(SolutionProperties) = preSolution
		HideSolutionNode = FALSE
	EndGlobalSection
	GlobalSection(ExtensibilityGlobals) = postSolution
		SolutionGuid = {60F528D2-CC79-41AA-8079-DCE218A7ECD3}
	EndGlobalSection
EndGlobal
